
Microsoft Visual Studio Solution File, Format Version 12.00
# Visual Studio Version 17
VisualStudioVersion = 17.11.35208.52
MinimumVisualStudioVersion = 10.0.40219.1
Project("{9A19103F-16F7-4668-BE54-9A1E7A4F7556}") = "quizgame.top.API", "quizgame.top.API.csproj", "{4CE21C1E-5C6A-4AD6-9D02-FEECAAD7F81F}"
EndProject
Global
	GlobalSection(SolutionConfigurationPlatforms) = preSolution
		Debug|Any CPU = Debug|Any CPU
		Release|Any CPU = Release|Any CPU
	EndGlobalSection
	GlobalSection(ProjectConfigurationPlatforms) = postSolution
		{4CE21C1E-5C6A-4AD6-9D02-FEECAAD7F81F}.Debug|Any CPU.ActiveCfg = Debug|Any CPU
		{4CE21C1E-5C6A-4AD6-9D02-FEECAAD7F81F}.Debug|Any CPU.Build.0 = Debug|Any CPU
		{4CE21C1E-5C6A-4AD6-9D02-FEECAAD7F81F}.Release|Any CPU.ActiveCfg = Release|Any CPU
		{4CE21C1E-5C6A-4AD6-9D02-FEECAAD7F81F}.Release|Any CPU.Build.0 = Release|Any CPU
	EndGlobalSection
	GlobalSection(SolutionProperties) = preSolution
		HideSolutionNode = FALSE
	EndGlobalSection
	GlobalSection(ExtensibilityGlobals) = postSolution
		SolutionGuid = {99CE07BF-AC3B-4857-ACD0-6584BB51D804}
	EndGlobalSection
EndGlobal
